
Microsoft Visual Studio Solution File, Format Version 12.00
# Visual Studio 15
VisualStudioVersion = 15.0.27428.1
MinimumVisualStudioVersion = 10.0.40219.1
Project("{FAE04EC0-301F-11D3-BF4B-00C04F79EFBC}") = "Ticketing.Web", "Ticketing.Web\Ticketing.Web.csproj", "{B7FE7ECA-D3F7-48D9-BFEC-AB5739243399}"
EndProject
Project("{FAE04EC0-301F-11D3-BF4B-00C04F79EFBC}") = "Ticketing.Entity", "Ticketing.Entity\Ticketing.Entity.csproj", "{47ED2F94-A8CA-403A-B079-A96E77450BE6}"
EndProject
Project("{FAE04EC0-301F-11D3-BF4B-00C04F79EFBC}") = "Ticketing.UnitsTests", "Ticketing.UnitsTests\Ticketing.UnitsTests.csproj", "{F2B2B9C6-0E8C-411E-ABEC-969F080992BE}"
EndProject
Project("{FAE04EC0-301F-11D3-BF4B-00C04F79EFBC}") = "Ticketing.Data", "Ticketing.Data\Ticketing.Data.csproj", "{40D57946-3561-4884-B11F-1BC8552BB5F0}"
EndProject
Global
	GlobalSection(SolutionConfigurationPlatforms) = preSolution
		Debug|Any CPU = Debug|Any CPU
		Release|Any CPU = Release|Any CPU
	EndGlobalSection
	GlobalSection(ProjectConfigurationPlatforms) = postSolution
		{B7FE7ECA-D3F7-48D9-BFEC-AB5739243399}.Debug|Any CPU.ActiveCfg = Debug|Any CPU
		{B7FE7ECA-D3F7-48D9-BFEC-AB5739243399}.Debug|Any CPU.Build.0 = Debug|Any CPU
		{B7FE7ECA-D3F7-48D9-BFEC-AB5739243399}.Release|Any CPU.ActiveCfg = Release|Any CPU
		{B7FE7ECA-D3F7-48D9-BFEC-AB5739243399}.Release|Any CPU.Build.0 = Release|Any CPU
		{47ED2F94-A8CA-403A-B079-A96E77450BE6}.Debug|Any CPU.ActiveCfg = Debug|Any CPU
		{47ED2F94-A8CA-403A-B079-A96E77450BE6}.Debug|Any CPU.Build.0 = Debug|Any CPU
		{47ED2F94-A8CA-403A-B079-A96E77450BE6}.Release|Any CPU.ActiveCfg = Release|Any CPU
		{47ED2F94-A8CA-403A-B079-A96E77450BE6}.Release|Any CPU.Build.0 = Release|Any CPU
		{F2B2B9C6-0E8C-411E-ABEC-969F080992BE}.Debug|Any CPU.ActiveCfg = Debug|Any CPU
		{F2B2B9C6-0E8C-411E-ABEC-969F080992BE}.Debug|Any CPU.Build.0 = Debug|Any CPU
		{F2B2B9C6-0E8C-411E-ABEC-969F080992BE}.Release|Any CPU.ActiveCfg = Release|Any CPU
		{F2B2B9C6-0E8C-411E-ABEC-969F080992BE}.Release|Any CPU.Build.0 = Release|Any CPU
		{40D57946-3561-4884-B11F-1BC8552BB5F0}.Debug|Any CPU.ActiveCfg = Debug|Any CPU
		{40D57946-3561-4884-B11F-1BC8552BB5F0}.Debug|Any CPU.Build.0 = Debug|Any CPU
		{40D57946-3561-4884-B11F-1BC8552BB5F0}.Release|Any CPU.ActiveCfg = Release|Any CPU
		{40D57946-3561-4884-B11F-1BC8552BB5F0}.Release|Any CPU.Build.0 = Release|Any CPU
	EndGlobalSection
	GlobalSection(SolutionProperties) = preSolution
		HideSolutionNode = FALSE
	EndGlobalSection
	GlobalSection(ExtensibilityGlobals) = postSolution
		SolutionGuid = {0ACE286A-6648-4C20-AA8C-1315C6C9E89B}
	EndGlobalSection
EndGlobal
